// !$*UTF8*$!
{
	archiveVersion = 1;
	classes = {
	};
	objectVersion = 77;
	objects = {

/* Begin PBXBuildFile section */
		0694A3A19C52EBE42E8C1C3B /* ConnectionStatusView.swift in Sources */ = {isa = PBXBuildFile; fileRef = 583FEB2B97129945C22B2F9F /* ConnectionStatusView.swift */; };
		11231AE9137FFCFAFF817E87 /* Message.swift in Sources */ = {isa = PBXBuildFile; fileRef = 1AEEC1FEB865A5017D7738FD /* Message.swift */; };
		216AFE24ED4157084ABBBFEA /* MessageBubbleView.swift in Sources */ = {isa = PBXBuildFile; fileRef = 37A108F3898BD1219A77CA52 /* MessageBubbleView.swift */; };
		3C19EC981E1D10ABE92A84D5 /* GroupListViewModel.swift in Sources */ = {isa = PBXBuildFile; fileRef = 50842CA209168C612699052B /* GroupListViewModel.swift */; };
		5C0F11D52F976251782349B0 /* ContentView.swift in Sources */ = {isa = PBXBuildFile; fileRef = 7B7AF6F833FB7C7A62734EB0 /* ContentView.swift */; };
		69D07B0AAD6E766CE98A737C /* NewGroupSheet.swift in Sources */ = {isa = PBXBuildFile; fileRef = CF428622BBB03EDE6263A62E /* NewGroupSheet.swift */; };
		72687683B1C57E6DB52C1DD4 /* NanoClawApp.swift in Sources */ = {isa = PBXBuildFile; fileRef = 9FBA693F8CE1F0FA97953263 /* NanoClawApp.swift */; };
		7562279F52A3F61F0D41732D /* MessageInputView.swift in Sources */ = {isa = PBXBuildFile; fileRef = 1821229D0AF981D37FE05D00 /* MessageInputView.swift */; };
		8B1851C9FB95B08B8F3FEF38 /* TypingIndicatorView.swift in Sources */ = {isa = PBXBuildFile; fileRef = ECAE42617E1D517528E8F814 /* TypingIndicatorView.swift */; };
		8F6C76FEAC20003832A1D1E7 /* GroupListView.swift in Sources */ = {isa = PBXBuildFile; fileRef = F8AD993DAC1E6FDE2E615B3C /* GroupListView.swift */; };
		9BCFADA5FBB7637076422C0C /* SettingsView.swift in Sources */ = {isa = PBXBuildFile; fileRef = 461C4F921CFE41C5F334DF54 /* SettingsView.swift */; };
		A7FD1FD8AF96231F5D78960F /* APIClient.swift in Sources */ = {isa = PBXBuildFile; fileRef = 3776864A8CD7953CADAADF5D /* APIClient.swift */; };
		AC6ABEC21DEE6DC6EB260624 /* Group.swift in Sources */ = {isa = PBXBuildFile; fileRef = 93B31E45665FC9916EE566DD /* Group.swift */; };
		AD39D5C6D43CEEB0366B4160 /* ChatViewModel.swift in Sources */ = {isa = PBXBuildFile; fileRef = 577FD307BD61A75504DC9ADC /* ChatViewModel.swift */; };
		B60BD9F598E0D46285F83AAC /* MarkdownRenderer.swift in Sources */ = {isa = PBXBuildFile; fileRef = 93613E96E9D53167D873396D /* MarkdownRenderer.swift */; };
		DE18855E864941275AC57E24 /* GroupRowView.swift in Sources */ = {isa = PBXBuildFile; fileRef = 382FFBCD9EDEC91127B9471A /* GroupRowView.swift */; };
		F8D7305ABAA7E432AE9CF54A /* ConnectionManager.swift in Sources */ = {isa = PBXBuildFile; fileRef = FF1ABC8EDFF2ABE8681C2CC2 /* ConnectionManager.swift */; };
		FB627B93D51C9E3447CAF4EA /* ChatView.swift in Sources */ = {isa = PBXBuildFile; fileRef = 31C3BFE3F53CB30CBD809CA6 /* ChatView.swift */; };
		FCAAC27A597FDE1B181A5FAD /* WSMessage.swift in Sources */ = {isa = PBXBuildFile; fileRef = 6CB14F5049F9C001A226B974 /* WSMessage.swift */; };
/* End PBXBuildFile section */

/* Begin PBXFileReference section */
		1821229D0AF981D37FE05D00 /* MessageInputView.swift */ = {isa = PBXFileReference; lastKnownFileType = sourcecode.swift; path = MessageInputView.swift; sourceTree = "<group>"; };
		1AEEC1FEB865A5017D7738FD /* Message.swift */ = {isa = PBXFileReference; lastKnownFileType = sourcecode.swift; path = Message.swift; sourceTree = "<group>"; };
		20B6A53F5254EF92CF5309E0 /* NanoClaw.entitlements */ = {isa = PBXFileReference; lastKnownFileType = text.plist.entitlements; path = NanoClaw.entitlements; sourceTree = "<group>"; };
		31C3BFE3F53CB30CBD809CA6 /* ChatView.swift */ = {isa = PBXFileReference; lastKnownFileType = sourcecode.swift; path = ChatView.swift; sourceTree = "<group>"; };
		3776864A8CD7953CADAADF5D /* APIClient.swift */ = {isa = PBXFileReference; lastKnownFileType = sourcecode.swift; path = APIClient.swift; sourceTree = "<group>"; };
		37A108F3898BD1219A77CA52 /* MessageBubbleView.swift */ = {isa = PBXFileReference; lastKnownFileType = sourcecode.swift; path = MessageBubbleView.swift; sourceTree = "<group>"; };
		382FFBCD9EDEC91127B9471A /* GroupRowView.swift */ = {isa = PBXFileReference; lastKnownFileType = sourcecode.swift; path = GroupRowView.swift; sourceTree = "<group>"; };
		461C4F921CFE41C5F334DF54 /* SettingsView.swift */ = {isa = PBXFileReference; lastKnownFileType = sourcecode.swift; path = SettingsView.swift; sourceTree = "<group>"; };
		50842CA209168C612699052B /* GroupListViewModel.swift */ = {isa = PBXFileReference; lastKnownFileType = sourcecode.swift; path = GroupListViewModel.swift; sourceTree = "<group>"; };
		577FD307BD61A75504DC9ADC /* ChatViewModel.swift */ = {isa = PBXFileReference; lastKnownFileType = sourcecode.swift; path = ChatViewModel.swift; sourceTree = "<group>"; };
		583FEB2B97129945C22B2F9F /* ConnectionStatusView.swift */ = {isa = PBXFileReference; lastKnownFileType = sourcecode.swift; path = ConnectionStatusView.swift; sourceTree = "<group>"; };
		6CB14F5049F9C001A226B974 /* WSMessage.swift */ = {isa = PBXFileReference; lastKnownFileType = sourcecode.swift; path = WSMessage.swift; sourceTree = "<group>"; };
		7B7AF6F833FB7C7A62734EB0 /* ContentView.swift */ = {isa = PBXFileReference; lastKnownFileType = sourcecode.swift; path = ContentView.swift; sourceTree = "<group>"; };
		93613E96E9D53167D873396D /* MarkdownRenderer.swift */ = {isa = PBXFileReference; lastKnownFileType = sourcecode.swift; path = MarkdownRenderer.swift; sourceTree = "<group>"; };
		93B31E45665FC9916EE566DD /* Group.swift */ = {isa = PBXFileReference; lastKnownFileType = sourcecode.swift; path = Group.swift; sourceTree = "<group>"; };
		9FBA693F8CE1F0FA97953263 /* NanoClawApp.swift */ = {isa = PBXFileReference; lastKnownFileType = sourcecode.swift; path = NanoClawApp.swift; sourceTree = "<group>"; };
		AB70806554C2D54311EC7BBF /* NanoClaw.app */ = {isa = PBXFileReference; explicitFileType = wrapper.application; includeInIndex = 0; path = NanoClaw.app; sourceTree = BUILT_PRODUCTS_DIR; };
		CF428622BBB03EDE6263A62E /* NewGroupSheet.swift */ = {isa = PBXFileReference; lastKnownFileType = sourcecode.swift; path = NewGroupSheet.swift; sourceTree = "<group>"; };
		ECAE42617E1D517528E8F814 /* TypingIndicatorView.swift */ = {isa = PBXFileReference; lastKnownFileType = sourcecode.swift; path = TypingIndicatorView.swift; sourceTree = "<group>"; };
		F8AD993DAC1E6FDE2E615B3C /* GroupListView.swift */ = {isa = PBXFileReference; lastKnownFileType = sourcecode.swift; path = GroupListView.swift; sourceTree = "<group>"; };
		FF1ABC8EDFF2ABE8681C2CC2 /* ConnectionManager.swift */ = {isa = PBXFileReference; lastKnownFileType = sourcecode.swift; path = ConnectionManager.swift; sourceTree = "<group>"; };
/* End PBXFileReference section */

/* Begin PBXGroup section */
		0CC295DF63C17F62578F7563 /* StatusBar */ = {
			isa = PBXGroup;
			children = (
				583FEB2B97129945C22B2F9F /* ConnectionStatusView.swift */,
			);
			path = StatusBar;
			sourceTree = "<group>";
		};
		462AC51062B9F10A60D1A741 /* Models */ = {
			isa = PBXGroup;
			children = (
				93B31E45665FC9916EE566DD /* Group.swift */,
				1AEEC1FEB865A5017D7738FD /* Message.swift */,
				6CB14F5049F9C001A226B974 /* WSMessage.swift */,
			);
			path = Models;
			sourceTree = "<group>";
		};
		7537C9D2AE80527CDBD572E7 /* ViewModels */ = {
			isa = PBXGroup;
			children = (
				577FD307BD61A75504DC9ADC /* ChatViewModel.swift */,
				FF1ABC8EDFF2ABE8681C2CC2 /* ConnectionManager.swift */,
				50842CA209168C612699052B /* GroupListViewModel.swift */,
			);
			path = ViewModels;
			sourceTree = "<group>";
		};
		76E2112AFD5317B577508DFC = {
			isa = PBXGroup;
			children = (
				462AC51062B9F10A60D1A741 /* Models */,
				F1CB44515A364342711108FB /* NanoClaw */,
				9C3804BFFF1D1B0CC5DE6724 /* Utilities */,
				7537C9D2AE80527CDBD572E7 /* ViewModels */,
				FD859077D92C80CAD122DAF3 /* Views */,
				8F137C692C0FAABAB8ED1FE3 /* Products */,
			);
			sourceTree = "<group>";
		};
		772B06A5903E74122B246FDC /* Chat */ = {
			isa = PBXGroup;
			children = (
				31C3BFE3F53CB30CBD809CA6 /* ChatView.swift */,
				37A108F3898BD1219A77CA52 /* MessageBubbleView.swift */,
				1821229D0AF981D37FE05D00 /* MessageInputView.swift */,
				ECAE42617E1D517528E8F814 /* TypingIndicatorView.swift */,
			);
			path = Chat;
			sourceTree = "<group>";
		};
		8F137C692C0FAABAB8ED1FE3 /* Products */ = {
			isa = PBXGroup;
			children = (
				AB70806554C2D54311EC7BBF /* NanoClaw.app */,
			);
			name = Products;
			sourceTree = "<group>";
		};
		9C3804BFFF1D1B0CC5DE6724 /* Utilities */ = {
			isa = PBXGroup;
			children = (
				3776864A8CD7953CADAADF5D /* APIClient.swift */,
				93613E96E9D53167D873396D /* MarkdownRenderer.swift */,
			);
			path = Utilities;
			sourceTree = "<group>";
		};
		AA525BE7A05DD74EF7FB4750 /* Settings */ = {
			isa = PBXGroup;
			children = (
				461C4F921CFE41C5F334DF54 /* SettingsView.swift */,
			);
			path = Settings;
			sourceTree = "<group>";
		};
		E109E5E44ABE386EC86D7242 /* Sidebar */ = {
			isa = PBXGroup;
			children = (
				F8AD993DAC1E6FDE2E615B3C /* GroupListView.swift */,
				382FFBCD9EDEC91127B9471A /* GroupRowView.swift */,
				CF428622BBB03EDE6263A62E /* NewGroupSheet.swift */,
			);
			path = Sidebar;
			sourceTree = "<group>";
		};
		F1CB44515A364342711108FB /* NanoClaw */ = {
			isa = PBXGroup;
			children = (
				20B6A53F5254EF92CF5309E0 /* NanoClaw.entitlements */,
				9FBA693F8CE1F0FA97953263 /* NanoClawApp.swift */,
				462AC51062B9F10A60D1A741 /* Models */,
				9C3804BFFF1D1B0CC5DE6724 /* Utilities */,
				7537C9D2AE80527CDBD572E7 /* ViewModels */,
				FD859077D92C80CAD122DAF3 /* Views */,
			);
			name = NanoClaw;
			path = .;
			sourceTree = "<group>";
		};
		FD859077D92C80CAD122DAF3 /* Views */ = {
			isa = PBXGroup;
			children = (
				7B7AF6F833FB7C7A62734EB0 /* ContentView.swift */,
				772B06A5903E74122B246FDC /* Chat */,
				AA525BE7A05DD74EF7FB4750 /* Settings */,
				E109E5E44ABE386EC86D7242 /* Sidebar */,
				0CC295DF63C17F62578F7563 /* StatusBar */,
			);
			path = Views;
			sourceTree = "<group>";
		};
/* End PBXGroup section */

/* Begin PBXNativeTarget section */
		39EB4E3D25D09ACF59A62C97 /* NanoClaw */ = {
			isa = PBXNativeTarget;
			buildConfigurationList = 59B7C7A2CBB6989E21C5AAB1 /* Build configuration list for PBXNativeTarget "NanoClaw" */;
			buildPhases = (
				221921469311B272B107E864 /* Sources */,
			);
			buildRules = (
			);
			dependencies = (
			);
			name = NanoClaw;
			packageProductDependencies = (
			);
			productName = NanoClaw;
			productReference = AB70806554C2D54311EC7BBF /* NanoClaw.app */;
			productType = "com.apple.product-type.application";
		};
/* End PBXNativeTarget section */

/* Begin PBXProject section */
		BAE99BD6A8C06263C3169A57 /* Project object */ = {
			isa = PBXProject;
			attributes = {
				BuildIndependentTargetsInParallel = YES;
				LastUpgradeCheck = 1600;
				TargetAttributes = {
				};
			};
			buildConfigurationList = F7D104599C22314F84AA69B2 /* Build configuration list for PBXProject "NanoClaw" */;
			developmentRegion = en;
			hasScannedForEncodings = 0;
			knownRegions = (
				Base,
				en,
			);
			mainGroup = 76E2112AFD5317B577508DFC;
			minimizedProjectReferenceProxies = 1;
			preferredProjectObjectVersion = 77;
			productRefGroup = 8F137C692C0FAABAB8ED1FE3 /* Products */;
			projectDirPath = "";
			projectRoot = "";
			targets = (
				39EB4E3D25D09ACF59A62C97 /* NanoClaw */,
			);
		};
/* End PBXProject section */

/* Begin PBXSourcesBuildPhase section */
		221921469311B272B107E864 /* Sources */ = {
			isa = PBXSourcesBuildPhase;
			buildActionMask = 2147483647;
			files = (
				A7FD1FD8AF96231F5D78960F /* APIClient.swift in Sources */,
				FB627B93D51C9E3447CAF4EA /* ChatView.swift in Sources */,
				AD39D5C6D43CEEB0366B4160 /* ChatViewModel.swift in Sources */,
				F8D7305ABAA7E432AE9CF54A /* ConnectionManager.swift in Sources */,
				0694A3A19C52EBE42E8C1C3B /* ConnectionStatusView.swift in Sources */,
				5C0F11D52F976251782349B0 /* ContentView.swift in Sources */,
				AC6ABEC21DEE6DC6EB260624 /* Group.swift in Sources */,
				8F6C76FEAC20003832A1D1E7 /* GroupListView.swift in Sources */,
				3C19EC981E1D10ABE92A84D5 /* GroupListViewModel.swift in Sources */,
				DE18855E864941275AC57E24 /* GroupRowView.swift in Sources */,
				B60BD9F598E0D46285F83AAC /* MarkdownRenderer.swift in Sources */,
				11231AE9137FFCFAFF817E87 /* Message.swift in Sources */,
				216AFE24ED4157084ABBBFEA /* MessageBubbleView.swift in Sources */,
				7562279F52A3F61F0D41732D /* MessageInputView.swift in Sources */,
				72687683B1C57E6DB52C1DD4 /* NanoClawApp.swift in Sources */,
				69D07B0AAD6E766CE98A737C /* NewGroupSheet.swift in Sources */,
				9BCFADA5FBB7637076422C0C /* SettingsView.swift in Sources */,
				8B1851C9FB95B08B8F3FEF38 /* TypingIndicatorView.swift in Sources */,
				FCAAC27A597FDE1B181A5FAD /* WSMessage.swift in Sources */,
			);
			runOnlyForDeploymentPostprocessing = 0;
		};
/* End PBXSourcesBuildPhase section */

/* Begin XCBuildConfiguration section */
		349D4E09CF114B2860443797 /* Release */ = {
			isa = XCBuildConfiguration;
			buildSettings = {
				ALWAYS_SEARCH_USER_PATHS = NO;
				CLANG_ANALYZER_NONNULL = YES;
				CLANG_ANALYZER_NUMBER_OBJECT_CONVERSION = YES_AGGRESSIVE;
				CLANG_CXX_LANGUAGE_STANDARD = "gnu++14";
				CLANG_CXX_LIBRARY = "libc++";
				CLANG_ENABLE_MODULES = YES;
				CLANG_ENABLE_OBJC_ARC = YES;
				CLANG_ENABLE_OBJC_WEAK = YES;
				CLANG_WARN_BLOCK_CAPTURE_AUTORELEASING = YES;
				CLANG_WARN_BOOL_CONVERSION = YES;
				CLANG_WARN_COMMA = YES;
				CLANG_WARN_CONSTANT_CONVERSION = YES;
				CLANG_WARN_DEPRECATED_OBJC_IMPLEMENTATIONS = YES;
				CLANG_WARN_DIRECT_OBJC_ISA_USAGE = YES_ERROR;
				CLANG_WARN_DOCUMENTATION_COMMENTS = YES;
				CLANG_WARN_EMPTY_BODY = YES;
				CLANG_WARN_ENUM_CONVERSION = YES;
				CLANG_WARN_INFINITE_RECURSION = YES;
				CLANG_WARN_INT_CONVERSION = YES;
				CLANG_WARN_NON_LITERAL_NULL_CONVERSION = YES;
				CLANG_WARN_OBJC_IMPLICIT_RETAIN_SELF = YES;
				CLANG_WARN_OBJC_LITERAL_CONVERSION = YES;
				CLANG_WARN_OBJC_ROOT_CLASS = YES_ERROR;
				CLANG_WARN_QUOTED_INCLUDE_IN_FRAMEWORK_HEADER = YES;
				CLANG_WARN_RANGE_LOOP_ANALYSIS = YES;
				CLANG_WARN_STRICT_PROTOTYPES = YES;
				CLANG_WARN_SUSPICIOUS_MOVE = YES;
				CLANG_WARN_UNGUARDED_AVAILABILITY = YES_AGGRESSIVE;
				CLANG_WARN_UNREACHABLE_CODE = YES;
				CLANG_WARN__DUPLICATE_METHOD_MATCH = YES;
				COPY_PHASE_STRIP = NO;
				CURRENT_PROJECT_VERSION = 1;
				DEBUG_INFORMATION_FORMAT = "dwarf-with-dsym";
				ENABLE_NS_ASSERTIONS = NO;
				ENABLE_STRICT_OBJC_MSGSEND = YES;
				GCC_C_LANGUAGE_STANDARD = gnu11;
				GCC_NO_COMMON_BLOCKS = YES;
				GCC_WARN_64_TO_32_BIT_CONVERSION = YES;
				GCC_WARN_ABOUT_RETURN_TYPE = YES_ERROR;
				GCC_WARN_UNDECLARED_SELECTOR = YES;
				GCC_WARN_UNINITIALIZED_AUTOS = YES_AGGRESSIVE;
				GCC_WARN_UNUSED_FUNCTION = YES;
				GCC_WARN_UNUSED_VARIABLE = YES;
				MACOSX_DEPLOYMENT_TARGET = 14.0;
				MARKETING_VERSION = 1.0.0;
				MTL_ENABLE_DEBUG_INFO = NO;
				MTL_FAST_MATH = YES;
				PRODUCT_NAME = "$(TARGET_NAME)";
				SDKROOT = macosx;
				SWIFT_COMPILATION_MODE = wholemodule;
				SWIFT_OPTIMIZATION_LEVEL = "-O";
				SWIFT_VERSION = 6.0;
			};
			name = Release;
		};
		6DDCE2B49F1FD640BB78D349 /* Debug */ = {
			isa = XCBuildConfiguration;
			buildSettings = {
				ASSETCATALOG_COMPILER_APPICON_NAME = AppIcon;
				CODE_SIGN_ENTITLEMENTS = NanoClaw.entitlements;
				COMBINE_HIDPI_IMAGES = YES;
				GENERATE_INFOPLIST_FILE = YES;
				INFOPLIST_GENERATION_MODE = GeneratedFile;
				INFOPLIST_KEY_CFBundleDisplayName = NanoClaw;
				INFOPLIST_KEY_LSApplicationCategoryType = "public.app-category.developer-tools";
				LD_RUNPATH_SEARCH_PATHS = (
					"$(inherited)",
					"@executable_path/../Frameworks",
				);
				PRODUCT_BUNDLE_IDENTIFIER = com.nanoclaw.desktop;
				SDKROOT = macosx;
				SWIFT_STRICT_CONCURRENCY = minimal;
			};
			name = Debug;
		};
		7B3FCAAAE03F6BC9A8B0ACC1 /* Debug */ = {
			isa = XCBuildConfiguration;
			buildSettings = {
				ALWAYS_SEARCH_USER_PATHS = NO;
				CLANG_ANALYZER_NONNULL = YES;
				CLANG_ANALYZER_NUMBER_OBJECT_CONVERSION = YES_AGGRESSIVE;
				CLANG_CXX_LANGUAGE_STANDARD = "gnu++14";
				CLANG_CXX_LIBRARY = "libc++";
				CLANG_ENABLE_MODULES = YES;
				CLANG_ENABLE_OBJC_ARC = YES;
				CLANG_ENABLE_OBJC_WEAK = YES;
				CLANG_WARN_BLOCK_CAPTURE_AUTORELEASING = YES;
				CLANG_WARN_BOOL_CONVERSION = YES;
				CLANG_WARN_COMMA = YES;
				CLANG_WARN_CONSTANT_CONVERSION = YES;
				CLANG_WARN_DEPRECATED_OBJC_IMPLEMENTATIONS = YES;
				CLANG_WARN_DIRECT_OBJC_ISA_USAGE = YES_ERROR;
				CLANG_WARN_DOCUMENTATION_COMMENTS = YES;
				CLANG_WARN_EMPTY_BODY = YES;
				CLANG_WARN_ENUM_CONVERSION = YES;
				CLANG_WARN_INFINITE_RECURSION = YES;
				CLANG_WARN_INT_CONVERSION = YES;
				CLANG_WARN_NON_LITERAL_NULL_CONVERSION = YES;
				CLANG_WARN_OBJC_IMPLICIT_RETAIN_SELF = YES;
				CLANG_WARN_OBJC_LITERAL_CONVERSION = YES;
				CLANG_WARN_OBJC_ROOT_CLASS = YES_ERROR;
				CLANG_WARN_QUOTED_INCLUDE_IN_FRAMEWORK_HEADER = YES;
				CLANG_WARN_RANGE_LOOP_ANALYSIS = YES;
				CLANG_WARN_STRICT_PROTOTYPES = YES;
				CLANG_WARN_SUSPICIOUS_MOVE = YES;
				CLANG_WARN_UNGUARDED_AVAILABILITY = YES_AGGRESSIVE;
				CLANG_WARN_UNREACHABLE_CODE = YES;
				CLANG_WARN__DUPLICATE_METHOD_MATCH = YES;
				COPY_PHASE_STRIP = NO;
				CURRENT_PROJECT_VERSION = 1;
				DEBUG_INFORMATION_FORMAT = dwarf;
				ENABLE_STRICT_OBJC_MSGSEND = YES;
				ENABLE_TESTABILITY = YES;
				GCC_C_LANGUAGE_STANDARD = gnu11;
				GCC_DYNAMIC_NO_PIC = NO;
				GCC_NO_COMMON_BLOCKS = YES;
				GCC_OPTIMIZATION_LEVEL = 0;
				GCC_PREPROCESSOR_DEFINITIONS = (
					"$(inherited)",
					"DEBUG=1",
				);
				GCC_WARN_64_TO_32_BIT_CONVERSION = YES;
				GCC_WARN_ABOUT_RETURN_TYPE = YES_ERROR;
				GCC_WARN_UNDECLARED_SELECTOR = YES;
				GCC_WARN_UNINITIALIZED_AUTOS = YES_AGGRESSIVE;
				GCC_WARN_UNUSED_FUNCTION = YES;
				GCC_WARN_UNUSED_VARIABLE = YES;
				MACOSX_DEPLOYMENT_TARGET = 14.0;
				MARKETING_VERSION = 1.0.0;
				MTL_ENABLE_DEBUG_INFO = INCLUDE_SOURCE;
				MTL_FAST_MATH = YES;
				ONLY_ACTIVE_ARCH = YES;
				PRODUCT_NAME = "$(TARGET_NAME)";
				SDKROOT = macosx;
				SWIFT_ACTIVE_COMPILATION_CONDITIONS = DEBUG;
				SWIFT_OPTIMIZATION_LEVEL = "-Onone";
				SWIFT_VERSION = 6.0;
			};
			name = Debug;
		};
		BC692AFCFB275BE9692DB084 /* Release */ = {
			isa = XCBuildConfiguration;
			buildSettings = {
				ASSETCATALOG_COMPILER_APPICON_NAME = AppIcon;
				CODE_SIGN_ENTITLEMENTS = NanoClaw.entitlements;
				COMBINE_HIDPI_IMAGES = YES;
				GENERATE_INFOPLIST_FILE = YES;
				INFOPLIST_GENERATION_MODE = GeneratedFile;
				INFOPLIST_KEY_CFBundleDisplayName = NanoClaw;
				INFOPLIST_KEY_LSApplicationCategoryType = "public.app-category.developer-tools";
				LD_RUNPATH_SEARCH_PATHS = (
					"$(inherited)",
					"@executable_path/../Frameworks",
				);
				PRODUCT_BUNDLE_IDENTIFIER = com.nanoclaw.desktop;
				SDKROOT = macosx;
				SWIFT_STRICT_CONCURRENCY = minimal;
			};
			name = Release;
		};
/* End XCBuildConfiguration section */

/* Begin XCConfigurationList section */
		59B7C7A2CBB6989E21C5AAB1 /* Build configuration list for PBXNativeTarget "NanoClaw" */ = {
			isa = XCConfigurationList;
			buildConfigurations = (
				6DDCE2B49F1FD640BB78D349 /* Debug */,
				BC692AFCFB275BE9692DB084 /* Release */,
			);
			defaultConfigurationIsVisible = 0;
			defaultConfigurationName = Debug;
		};
		F7D104599C22314F84AA69B2 /* Build configuration list for PBXProject "NanoClaw" */ = {
			isa = XCConfigurationList;
			buildConfigurations = (
				7B3FCAAAE03F6BC9A8B0ACC1 /* Debug */,
				349D4E09CF114B2860443797 /* Release */,
			);
			defaultConfigurationIsVisible = 0;
			defaultConfigurationName = Debug;
		};
/* End XCConfigurationList section */
	};
	rootObject = BAE99BD6A8C06263C3169A57 /* Project object */;
}
